// !$*UTF8*$!
{
	archiveVersion = 1;
	classes = {
	};
	objectVersion = 50;
	objects = {

/* Begin PBXBuildFile section */
		90D2D226AA32498982992D56 /* Pods_NasaAPOD_Facade.framework in Frameworks */ = {isa = PBXBuildFile; fileRef = 2DC204891A03B80628681C57 /* Pods_NasaAPOD_Facade.framework */; };
		D86D0CE3218B4ED10050EB27 /* NasaPhotoDetailViewController.swift in Sources */ = {isa = PBXBuildFile; fileRef = D86D0CE1218B4ED10050EB27 /* NasaPhotoDetailViewController.swift */; };
		D86D0CE4218B4ED10050EB27 /* NasaPhotoDetailViewController.xib in Resources */ = {isa = PBXBuildFile; fileRef = D86D0CE2218B4ED10050EB27 /* NasaPhotoDetailViewController.xib */; };
		D8F0586421669E2900F8098E /* AppDelegate.swift in Sources */ = {isa = PBXBuildFile; fileRef = D8F0586321669E2900F8098E /* AppDelegate.swift */; };
		D8F0586B21669E2B00F8098E /* Assets.xcassets in Resources */ = {isa = PBXBuildFile; fileRef = D8F0586A21669E2B00F8098E /* Assets.xcassets */; };
		D8F0586E21669E2B00F8098E /* LaunchScreen.storyboard in Resources */ = {isa = PBXBuildFile; fileRef = D8F0586C21669E2B00F8098E /* LaunchScreen.storyboard */; };
		D8F0587721669E6300F8098E /* HomeViewController.swift in Sources */ = {isa = PBXBuildFile; fileRef = D8F0587521669E6300F8098E /* HomeViewController.swift */; };
		D8F0587821669E6300F8098E /* HomeViewController.xib in Resources */ = {isa = PBXBuildFile; fileRef = D8F0587621669E6300F8098E /* HomeViewController.xib */; };
		D8F0587C21669FC200F8098E /* NasaPhotoInfoModel.swift in Sources */ = {isa = PBXBuildFile; fileRef = D8F0587B21669FC200F8098E /* NasaPhotoInfoModel.swift */; };
		D8F058862166A15D00F8098E /* ApiFetcher.swift in Sources */ = {isa = PBXBuildFile; fileRef = D8F058852166A15D00F8098E /* ApiFetcher.swift */; };
		D8F0588E2166A23A00F8098E /* PhotoInfoCell.swift in Sources */ = {isa = PBXBuildFile; fileRef = D8F0588C2166A23A00F8098E /* PhotoInfoCell.swift */; };
		D8F0588F2166A23A00F8098E /* PhotoInfoCell.xib in Resources */ = {isa = PBXBuildFile; fileRef = D8F0588D2166A23A00F8098E /* PhotoInfoCell.xib */; };
		D8F058912166A2ED00F8098E /* ApiFacade.swift in Sources */ = {isa = PBXBuildFile; fileRef = D8F058902166A2ED00F8098E /* ApiFacade.swift */; };
/* End PBXBuildFile section */

/* Begin PBXFileReference section */
		2DC204891A03B80628681C57 /* Pods_NasaAPOD_Facade.framework */ = {isa = PBXFileReference; explicitFileType = wrapper.framework; includeInIndex = 0; path = Pods_NasaAPOD_Facade.framework; sourceTree = BUILT_PRODUCTS_DIR; };
		4B235C1E8A611398CD1193C3 /* Pods-NasaAPOD-Facade.release.xcconfig */ = {isa = PBXFileReference; includeInIndex = 1; lastKnownFileType = text.xcconfig; name = "Pods-NasaAPOD-Facade.release.xcconfig"; path = "Pods/Target Support Files/Pods-NasaAPOD-Facade/Pods-NasaAPOD-Facade.release.xcconfig"; sourceTree = "<group>"; };
		D86D0CE1218B4ED10050EB27 /* NasaPhotoDetailViewController.swift */ = {isa = PBXFileReference; lastKnownFileType = sourcecode.swift; path = NasaPhotoDetailViewController.swift; sourceTree = "<group>"; };
		D86D0CE2218B4ED10050EB27 /* NasaPhotoDetailViewController.xib */ = {isa = PBXFileReference; lastKnownFileType = file.xib; path = NasaPhotoDetailViewController.xib; sourceTree = "<group>"; };
		D8F0586021669E2900F8098E /* NasaAPOD-Facade.app */ = {isa = PBXFileReference; explicitFileType = wrapper.application; includeInIndex = 0; path = "NasaAPOD-Facade.app"; sourceTree = BUILT_PRODUCTS_DIR; };
		D8F0586321669E2900F8098E /* AppDelegate.swift */ = {isa = PBXFileReference; lastKnownFileType = sourcecode.swift; path = AppDelegate.swift; sourceTree = "<group>"; };
		D8F0586A21669E2B00F8098E /* Assets.xcassets */ = {isa = PBXFileReference; lastKnownFileType = folder.assetcatalog; path = Assets.xcassets; sourceTree = "<group>"; };
		D8F0586D21669E2B00F8098E /* Base */ = {isa = PBXFileReference; lastKnownFileType = file.storyboard; name = Base; path = Base.lproj/LaunchScreen.storyboard; sourceTree = "<group>"; };
		D8F0586F21669E2B00F8098E /* Info.plist */ = {isa = PBXFileReference; lastKnownFileType = text.plist.xml; path = Info.plist; sourceTree = "<group>"; };
		D8F0587521669E6300F8098E /* HomeViewController.swift */ = {isa = PBXFileReference; lastKnownFileType = sourcecode.swift; path = HomeViewController.swift; sourceTree = "<group>"; };
		D8F0587621669E6300F8098E /* HomeViewController.xib */ = {isa = PBXFileReference; lastKnownFileType = file.xib; path = HomeViewController.xib; sourceTree = "<group>"; };
		D8F0587B21669FC200F8098E /* NasaPhotoInfoModel.swift */ = {isa = PBXFileReference; lastKnownFileType = sourcecode.swift; path = NasaPhotoInfoModel.swift; sourceTree = "<group>"; };
		D8F058852166A15D00F8098E /* ApiFetcher.swift */ = {isa = PBXFileReference; lastKnownFileType = sourcecode.swift; path = ApiFetcher.swift; sourceTree = "<group>"; };
		D8F0588C2166A23A00F8098E /* PhotoInfoCell.swift */ = {isa = PBXFileReference; lastKnownFileType = sourcecode.swift; name = PhotoInfoCell.swift; path = ../PhotoInfoCell.swift; sourceTree = "<group>"; };
		D8F0588D2166A23A00F8098E /* PhotoInfoCell.xib */ = {isa = PBXFileReference; lastKnownFileType = file.xib; path = PhotoInfoCell.xib; sourceTree = "<group>"; };
		D8F058902166A2ED00F8098E /* ApiFacade.swift */ = {isa = PBXFileReference; lastKnownFileType = sourcecode.swift; path = ApiFacade.swift; sourceTree = "<group>"; };
		E6AA2D8533672E61D7616A04 /* Pods-NasaAPOD-Facade.debug.xcconfig */ = {isa = PBXFileReference; includeInIndex = 1; lastKnownFileType = text.xcconfig; name = "Pods-NasaAPOD-Facade.debug.xcconfig"; path = "Pods/Target Support Files/Pods-NasaAPOD-Facade/Pods-NasaAPOD-Facade.debug.xcconfig"; sourceTree = "<group>"; };
/* End PBXFileReference section */

/* Begin PBXFrameworksBuildPhase section */
		D8F0585D21669E2900F8098E /* Frameworks */ = {
			isa = PBXFrameworksBuildPhase;
			buildActionMask = 2147483647;
			files = (
				90D2D226AA32498982992D56 /* Pods_NasaAPOD_Facade.framework in Frameworks */,
			);
			runOnlyForDeploymentPostprocessing = 0;
		};
/* End PBXFrameworksBuildPhase section */

/* Begin PBXGroup section */
		2442CB33EB7E8D6209FB2383 /* Frameworks */ = {
			isa = PBXGroup;
			children = (
				2DC204891A03B80628681C57 /* Pods_NasaAPOD_Facade.framework */,
			);
			name = Frameworks;
			sourceTree = "<group>";
		};
		C7B3BED8D9AAA11932B41209 /* Pods */ = {
			isa = PBXGroup;
			children = (
				E6AA2D8533672E61D7616A04 /* Pods-NasaAPOD-Facade.debug.xcconfig */,
				4B235C1E8A611398CD1193C3 /* Pods-NasaAPOD-Facade.release.xcconfig */,
			);
			name = Pods;
			sourceTree = "<group>";
		};
		D8F0585721669E2900F8098E = {
			isa = PBXGroup;
			children = (
				D8F0586221669E2900F8098E /* NasaAPOD-Facade */,
				D8F0586121669E2900F8098E /* Products */,
				C7B3BED8D9AAA11932B41209 /* Pods */,
				2442CB33EB7E8D6209FB2383 /* Frameworks */,
			);
			sourceTree = "<group>";
		};
		D8F0586121669E2900F8098E /* Products */ = {
			isa = PBXGroup;
			children = (
				D8F0586021669E2900F8098E /* NasaAPOD-Facade.app */,
			);
			name = Products;
			sourceTree = "<group>";
		};
		D8F0586221669E2900F8098E /* NasaAPOD-Facade */ = {
			isa = PBXGroup;
			children = (
				D8F0587D21669FC500F8098E /* Model */,
				D8F0587A21669E7100F8098E /* Controllers */,
				D8F0587921669E6A00F8098E /* Views */,
				D8F058842166A13F00F8098E /* Util */,
				D8F0586321669E2900F8098E /* AppDelegate.swift */,
				D8F0586A21669E2B00F8098E /* Assets.xcassets */,
				D8F0586C21669E2B00F8098E /* LaunchScreen.storyboard */,
				D8F0586F21669E2B00F8098E /* Info.plist */,
			);
			path = "NasaAPOD-Facade";
			sourceTree = "<group>";
		};
		D8F0587921669E6A00F8098E /* Views */ = {
			isa = PBXGroup;
			children = (
				D8F0587621669E6300F8098E /* HomeViewController.xib */,
				D8F0588D2166A23A00F8098E /* PhotoInfoCell.xib */,
				D86D0CE2218B4ED10050EB27 /* NasaPhotoDetailViewController.xib */,
			);
			path = Views;
			sourceTree = "<group>";
		};
		D8F0587A21669E7100F8098E /* Controllers */ = {
			isa = PBXGroup;
			children = (
				D8F0587521669E6300F8098E /* HomeViewController.swift */,
				D8F0588C2166A23A00F8098E /* PhotoInfoCell.swift */,
				D86D0CE1218B4ED10050EB27 /* NasaPhotoDetailViewController.swift */,
			);
			path = Controllers;
			sourceTree = "<group>";
		};
		D8F0587D21669FC500F8098E /* Model */ = {
			isa = PBXGroup;
			children = (
				D8F0587B21669FC200F8098E /* NasaPhotoInfoModel.swift */,
			);
			path = Model;
			sourceTree = "<group>";
		};
		D8F058842166A13F00F8098E /* Util */ = {
			isa = PBXGroup;
			children = (
				D8F058902166A2ED00F8098E /* ApiFacade.swift */,
				D8F058852166A15D00F8098E /* ApiFetcher.swift */,
			);
			path = Util;
			sourceTree = "<group>";
		};
/* End PBXGroup section */

/* Begin PBXNativeTarget section */
		D8F0585F21669E2900F8098E /* NasaAPOD-Facade */ = {
			isa = PBXNativeTarget;
			buildConfigurationList = D8F0587221669E2B00F8098E /* Build configuration list for PBXNativeTarget "NasaAPOD-Facade" */;
			buildPhases = (
				14B80CE25298DC654EA1520B /* [CP] Check Pods Manifest.lock */,
				D8F0585C21669E2900F8098E /* Sources */,
				D8F0585D21669E2900F8098E /* Frameworks */,
				D8F0585E21669E2900F8098E /* Resources */,
				A3415CBD298E2B8C12EA8FFF /* [CP] Embed Pods Frameworks */,
			);
			buildRules = (
			);
			dependencies = (
			);
			name = "NasaAPOD-Facade";
			productName = "NasaAPOD-Facade";
			productReference = D8F0586021669E2900F8098E /* NasaAPOD-Facade.app */;
			productType = "com.apple.product-type.application";
		};
/* End PBXNativeTarget section */

/* Begin PBXProject section */
		D8F0585821669E2900F8098E /* Project object */ = {
			isa = PBXProject;
			attributes = {
				LastSwiftUpdateCheck = 0930;
				LastUpgradeCheck = 0930;
				ORGANIZATIONNAME = AshleyNg;
				TargetAttributes = {
					D8F0585F21669E2900F8098E = {
						CreatedOnToolsVersion = 9.3;
					};
				};
			};
			buildConfigurationList = D8F0585B21669E2900F8098E /* Build configuration list for PBXProject "NasaAPOD-Facade" */;
			compatibilityVersion = "Xcode 9.3";
			developmentRegion = en;
			hasScannedForEncodings = 0;
			knownRegions = (
				en,
				Base,
			);
			mainGroup = D8F0585721669E2900F8098E;
			productRefGroup = D8F0586121669E2900F8098E /* Products */;
			projectDirPath = "";
			projectRoot = "";
			targets = (
				D8F0585F21669E2900F8098E /* NasaAPOD-Facade */,
			);
		};
/* End PBXProject section */

/* Begin PBXResourcesBuildPhase section */
		D8F0585E21669E2900F8098E /* Resources */ = {
			isa = PBXResourcesBuildPhase;
			buildActionMask = 2147483647;
			files = (
				D86D0CE4218B4ED10050EB27 /* NasaPhotoDetailViewController.xib in Resources */,
				D8F0588F2166A23A00F8098E /* PhotoInfoCell.xib in Resources */,
				D8F0586E21669E2B00F8098E /* LaunchScreen.storyboard in Resources */,
				D8F0586B21669E2B00F8098E /* Assets.xcassets in Resources */,
				D8F0587821669E6300F8098E /* HomeViewController.xib in Resources */,
			);
			runOnlyForDeploymentPostprocessing = 0;
		};
/* End PBXResourcesBuildPhase section */

/* Begin PBXShellScriptBuildPhase section */
		14B80CE25298DC654EA1520B /* [CP] Check Pods Manifest.lock */ = {
			isa = PBXShellScriptBuildPhase;
			buildActionMask = 2147483647;
			files = (
			);
			inputPaths = (
				"${PODS_PODFILE_DIR_PATH}/Podfile.lock",
				"${PODS_ROOT}/Manifest.lock",
			);
			name = "[CP] Check Pods Manifest.lock";
			outputPaths = (
				"$(DERIVED_FILE_DIR)/Pods-NasaAPOD-Facade-checkManifestLockResult.txt",
			);
			runOnlyForDeploymentPostprocessing = 0;
			shellPath = /bin/sh;
			shellScript = "diff \"${PODS_PODFILE_DIR_PATH}/Podfile.lock\" \"${PODS_ROOT}/Manifest.lock\" > /dev/null\nif [ $? != 0 ] ; then\n    # print error to STDERR\n    echo \"error: The sandbox is not in sync with the Podfile.lock. Run 'pod install' or update your CocoaPods installation.\" >&2\n    exit 1\nfi\n# This output is used by Xcode 'outputs' to avoid re-running this script phase.\necho \"SUCCESS\" > \"${SCRIPT_OUTPUT_FILE_0}\"\n";
			showEnvVarsInLog = 0;
		};
		A3415CBD298E2B8C12EA8FFF /* [CP] Embed Pods Frameworks */ = {
			isa = PBXShellScriptBuildPhase;
			buildActionMask = 2147483647;
			files = (
			);
			inputPaths = (
				"${SRCROOT}/Pods/Target Support Files/Pods-NasaAPOD-Facade/Pods-NasaAPOD-Facade-frameworks.sh",
				"${BUILT_PRODUCTS_DIR}/RxCocoa/RxCocoa.framework",
				"${BUILT_PRODUCTS_DIR}/RxSwift/RxSwift.framework",
			);
			name = "[CP] Embed Pods Frameworks";
			outputPaths = (
				"${TARGET_BUILD_DIR}/${FRAMEWORKS_FOLDER_PATH}/RxCocoa.framework",
				"${TARGET_BUILD_DIR}/${FRAMEWORKS_FOLDER_PATH}/RxSwift.framework",
			);
			runOnlyForDeploymentPostprocessing = 0;
			shellPath = /bin/sh;
			shellScript = "\"${SRCROOT}/Pods/Target Support Files/Pods-NasaAPOD-Facade/Pods-NasaAPOD-Facade-frameworks.sh\"\n";
			showEnvVarsInLog = 0;
		};
/* End PBXShellScriptBuildPhase section */

/* Begin PBXSourcesBuildPhase section */
		D8F0585C21669E2900F8098E /* Sources */ = {
			isa = PBXSourcesBuildPhase;
			buildActionMask = 2147483647;
			files = (
				D8F0586421669E2900F8098E /* AppDelegate.swift in Sources */,
				D8F0588E2166A23A00F8098E /* PhotoInfoCell.swift in Sources */,
				D8F058862166A15D00F8098E /* ApiFetcher.swift in Sources */,
				D8F0587C21669FC200F8098E /* NasaPhotoInfoModel.swift in Sources */,
				D86D0CE3218B4ED10050EB27 /* NasaPhotoDetailViewController.swift in Sources */,
				D8F058912166A2ED00F8098E /* ApiFacade.swift in Sources */,
				D8F0587721669E6300F8098E /* HomeViewController.swift in Sources */,
			);
			runOnlyForDeploymentPostprocessing = 0;
		};
/* End PBXSourcesBuildPhase section */

/* Begin PBXVariantGroup section */
		D8F0586C21669E2B00F8098E /* LaunchScreen.storyboard */ = {
			isa = PBXVariantGroup;
			children = (
				D8F0586D21669E2B00F8098E /* Base */,
			);
			name = LaunchScreen.storyboard;
			sourceTree = "<group>";
		};
/* End PBXVariantGroup section */

/* Begin XCBuildConfiguration section */
		D8F0587021669E2B00F8098E /* Debug */ = {
			isa = XCBuildConfiguration;
			buildSettings = {
				ALWAYS_SEARCH_USER_PATHS = NO;
				CLANG_ANALYZER_NONNULL = YES;
				CLANG_ANALYZER_NUMBER_OBJECT_CONVERSION = YES_AGGRESSIVE;
				CLANG_CXX_LANGUAGE_STANDARD = "gnu++14";
				CLANG_CXX_LIBRARY = "libc++";
				CLANG_ENABLE_MODULES = YES;
				CLANG_ENABLE_OBJC_ARC = YES;
				CLANG_ENABLE_OBJC_WEAK = YES;
				CLANG_WARN_BLOCK_CAPTURE_AUTORELEASING = YES;
				CLANG_WARN_BOOL_CONVERSION = YES;
				CLANG_WARN_COMMA = YES;
				CLANG_WARN_CONSTANT_CONVERSION = YES;
				CLANG_WARN_DEPRECATED_OBJC_IMPLEMENTATIONS = YES;
				CLANG_WARN_DIRECT_OBJC_ISA_USAGE = YES_ERROR;
				CLANG_WARN_DOCUMENTATION_COMMENTS = YES;
				CLANG_WARN_EMPTY_BODY = YES;
				CLANG_WARN_ENUM_CONVERSION = YES;
				CLANG_WARN_INFINITE_RECURSION = YES;
				CLANG_WARN_INT_CONVERSION = YES;
				CLANG_WARN_NON_LITERAL_NULL_CONVERSION = YES;
				CLANG_WARN_OBJC_IMPLICIT_RETAIN_SELF = YES;
				CLANG_WARN_OBJC_LITERAL_CONVERSION = YES;
				CLANG_WARN_OBJC_ROOT_CLASS = YES_ERROR;
				CLANG_WARN_RANGE_LOOP_ANALYSIS = YES;
				CLANG_WARN_STRICT_PROTOTYPES = YES;
				CLANG_WARN_SUSPICIOUS_MOVE = YES;
				CLANG_WARN_UNGUARDED_AVAILABILITY = YES_AGGRESSIVE;
				CLANG_WARN_UNREACHABLE_CODE = YES;
				CLANG_WARN__DUPLICATE_METHOD_MATCH = YES;
				CODE_SIGN_IDENTITY = "iPhone Developer";
				COPY_PHASE_STRIP = NO;
				DEBUG_INFORMATION_FORMAT = dwarf;
				ENABLE_STRICT_OBJC_MSGSEND = YES;
				ENABLE_TESTABILITY = YES;
				GCC_C_LANGUAGE_STANDARD = gnu11;
				GCC_DYNAMIC_NO_PIC = NO;
				GCC_NO_COMMON_BLOCKS = YES;
				GCC_OPTIMIZATION_LEVEL = 0;
				GCC_PREPROCESSOR_DEFINITIONS = (
					"DEBUG=1",
					"$(inherited)",
				);
				GCC_WARN_64_TO_32_BIT_CONVERSION = YES;
				GCC_WARN_ABOUT_RETURN_TYPE = YES_ERROR;
				GCC_WARN_UNDECLARED_SELECTOR = YES;
				GCC_WARN_UNINITIALIZED_AUTOS = YES_AGGRESSIVE;
				GCC_WARN_UNUSED_FUNCTION = YES;
				GCC_WARN_UNUSED_VARIABLE = YES;
				IPHONEOS_DEPLOYMENT_TARGET = 11.3;
				MTL_ENABLE_DEBUG_INFO = YES;
				ONLY_ACTIVE_ARCH = YES;
				SDKROOT = iphoneos;
				SWIFT_ACTIVE_COMPILATION_CONDITIONS = DEBUG;
				SWIFT_OPTIMIZATION_LEVEL = "-Onone";
			};
			name = Debug;
		};
		D8F0587121669E2B00F8098E /* Release */ = {
			isa = XCBuildConfiguration;
			buildSettings = {
				ALWAYS_SEARCH_USER_PATHS = NO;
				CLANG_ANALYZER_NONNULL = YES;
				CLANG_ANALYZER_NUMBER_OBJECT_CONVERSION = YES_AGGRESSIVE;
				CLANG_CXX_LANGUAGE_STANDARD = "gnu++14";
				CLANG_CXX_LIBRARY = "libc++";
				CLANG_ENABLE_MODULES = YES;
				CLANG_ENABLE_OBJC_ARC = YES;
				CLANG_ENABLE_OBJC_WEAK = YES;
				CLANG_WARN_BLOCK_CAPTURE_AUTORELEASING = YES;
				CLANG_WARN_BOOL_CONVERSION = YES;
				CLANG_WARN_COMMA = YES;
				CLANG_WARN_CONSTANT_CONVERSION = YES;
				CLANG_WARN_DEPRECATED_OBJC_IMPLEMENTATIONS = YES;
				CLANG_WARN_DIRECT_OBJC_ISA_USAGE = YES_ERROR;
				CLANG_WARN_DOCUMENTATION_COMMENTS = YES;
				CLANG_WARN_EMPTY_BODY = YES;
				CLANG_WARN_ENUM_CONVERSION = YES;
				CLANG_WARN_INFINITE_RECURSION = YES;
				CLANG_WARN_INT_CONVERSION = YES;
				CLANG_WARN_NON_LITERAL_NULL_CONVERSION = YES;
				CLANG_WARN_OBJC_IMPLICIT_RETAIN_SELF = YES;
				CLANG_WARN_OBJC_LITERAL_CONVERSION = YES;
				CLANG_WARN_OBJC_ROOT_CLASS = YES_ERROR;
				CLANG_WARN_RANGE_LOOP_ANALYSIS = YES;
				CLANG_WARN_STRICT_PROTOTYPES = YES;
				CLANG_WARN_SUSPICIOUS_MOVE = YES;
				CLANG_WARN_UNGUARDED_AVAILABILITY = YES_AGGRESSIVE;
				CLANG_WARN_UNREACHABLE_CODE = YES;
				CLANG_WARN__DUPLICATE_METHOD_MATCH = YES;
				CODE_SIGN_IDENTITY = "iPhone Developer";
				COPY_PHASE_STRIP = NO;
				DEBUG_INFORMATION_FORMAT = "dwarf-with-dsym";
				ENABLE_NS_ASSERTIONS = NO;
				ENABLE_STRICT_OBJC_MSGSEND = YES;
				GCC_C_LANGUAGE_STANDARD = gnu11;
				GCC_NO_COMMON_BLOCKS = YES;
				GCC_WARN_64_TO_32_BIT_CONVERSION = YES;
				GCC_WARN_ABOUT_RETURN_TYPE = YES_ERROR;
				GCC_WARN_UNDECLARED_SELECTOR = YES;
				GCC_WARN_UNINITIALIZED_AUTOS = YES_AGGRESSIVE;
				GCC_WARN_UNUSED_FUNCTION = YES;
				GCC_WARN_UNUSED_VARIABLE = YES;
				IPHONEOS_DEPLOYMENT_TARGET = 11.3;
				MTL_ENABLE_DEBUG_INFO = NO;
				SDKROOT = iphoneos;
				SWIFT_COMPILATION_MODE = wholemodule;
				SWIFT_OPTIMIZATION_LEVEL = "-O";
				VALIDATE_PRODUCT = YES;
			};
			name = Release;
		};
		D8F0587321669E2B00F8098E /* Debug */ = {
			isa = XCBuildConfiguration;
			baseConfigurationReference = E6AA2D8533672E61D7616A04 /* Pods-NasaAPOD-Facade.debug.xcconfig */;
			buildSettings = {
				ASSETCATALOG_COMPILER_APPICON_NAME = AppIcon;
				CODE_SIGN_STYLE = Automatic;
				DEVELOPMENT_TEAM = TCYT7HZQSV;
				INFOPLIST_FILE = "NasaAPOD-Facade/Info.plist";
				LD_RUNPATH_SEARCH_PATHS = (
					"$(inherited)",
					"@executable_path/Frameworks",
				);
				PRODUCT_BUNDLE_IDENTIFIER = "com.hudl.asheyng.NasaAPOD-Facade";
				PRODUCT_NAME = "$(TARGET_NAME)";
				SWIFT_VERSION = 4.0;
				TARGETED_DEVICE_FAMILY = "1,2";
			};
			name = Debug;
		};
		D8F0587421669E2B00F8098E /* Release */ = {
			isa = XCBuildConfiguration;
			baseConfigurationReference = 4B235C1E8A611398CD1193C3 /* Pods-NasaAPOD-Facade.release.xcconfig */;
			buildSettings = {
				ASSETCATALOG_COMPILER_APPICON_NAME = AppIcon;
				CODE_SIGN_STYLE = Automatic;
				DEVELOPMENT_TEAM = TCYT7HZQSV;
				INFOPLIST_FILE = "NasaAPOD-Facade/Info.plist";
				LD_RUNPATH_SEARCH_PATHS = (
					"$(inherited)",
					"@executable_path/Frameworks",
				);
				PRODUCT_BUNDLE_IDENTIFIER = "com.hudl.asheyng.NasaAPOD-Facade";
				PRODUCT_NAME = "$(TARGET_NAME)";
				SWIFT_VERSION = 4.0;
				TARGETED_DEVICE_FAMILY = "1,2";
			};
			name = Release;
		};
/* End XCBuildConfiguration section */

/* Begin XCConfigurationList section */
		D8F0585B21669E2900F8098E /* Build configuration list for PBXProject "NasaAPOD-Facade" */ = {
			isa = XCConfigurationList;
			buildConfigurations = (
				D8F0587021669E2B00F8098E /* Debug */,
				D8F0587121669E2B00F8098E /* Release */,
			);
			defaultConfigurationIsVisible = 0;
			defaultConfigurationName = Release;
		};
		D8F0587221669E2B00F8098E /* Build configuration list for PBXNativeTarget "NasaAPOD-Facade" */ = {
			isa = XCConfigurationList;
			buildConfigurations = (
				D8F0587321669E2B00F8098E /* Debug */,
				D8F0587421669E2B00F8098E /* Release */,
			);
			defaultConfigurationIsVisible = 0;
			defaultConfigurationName = Release;
		};
/* End XCConfigurationList section */
	};
	rootObject = D8F0585821669E2900F8098E /* Project object */;
}
