// !$*UTF8*$!
{
	archiveVersion = 1;
	classes = {
	};
	objectVersion = 50;
	objects = {

/* Begin PBXBuildFile section */
		C182405C58B2B679A3A8BA16 /* Pods_NasaAPOD_MVP.framework in Frameworks */ = {isa = PBXBuildFile; fileRef = D4AB23F895E54B8FB0C371FD /* Pods_NasaAPOD_MVP.framework */; };
		D848B6CE208D5D210046D175 /* HomeViewController.swift in Sources */ = {isa = PBXBuildFile; fileRef = D848B6CC208D5D210046D175 /* HomeViewController.swift */; };
		D848B6CF208D5D210046D175 /* HomeViewController.xib in Resources */ = {isa = PBXBuildFile; fileRef = D848B6CD208D5D210046D175 /* HomeViewController.xib */; };
		D848B6D2208D5DAB0046D175 /* PhotoInfoCell.swift in Sources */ = {isa = PBXBuildFile; fileRef = D848B6D0208D5DAB0046D175 /* PhotoInfoCell.swift */; };
		D848B6D3208D5DAB0046D175 /* PhotoInfoCell.xib in Resources */ = {isa = PBXBuildFile; fileRef = D848B6D1208D5DAB0046D175 /* PhotoInfoCell.xib */; };
		D848B6D6208D623D0046D175 /* NasaPhotoDetailViewController.swift in Sources */ = {isa = PBXBuildFile; fileRef = D848B6D4208D623D0046D175 /* NasaPhotoDetailViewController.swift */; };
		D848B6D7208D623D0046D175 /* NasaPhotoDetailViewController.xib in Resources */ = {isa = PBXBuildFile; fileRef = D848B6D5208D623D0046D175 /* NasaPhotoDetailViewController.xib */; };
		D8ED77CD2089722C00133101 /* AppDelegate.swift in Sources */ = {isa = PBXBuildFile; fileRef = D8ED77CC2089722C00133101 /* AppDelegate.swift */; };
		D8ED77D42089722D00133101 /* Assets.xcassets in Resources */ = {isa = PBXBuildFile; fileRef = D8ED77D32089722D00133101 /* Assets.xcassets */; };
		D8ED77D72089722D00133101 /* LaunchScreen.storyboard in Resources */ = {isa = PBXBuildFile; fileRef = D8ED77D52089722D00133101 /* LaunchScreen.storyboard */; };
		D8ED77E72089737C00133101 /* ApiFetcher.swift in Sources */ = {isa = PBXBuildFile; fileRef = D8ED77E62089737C00133101 /* ApiFetcher.swift */; };
		D8ED77E9208973AA00133101 /* ImageCache.swift in Sources */ = {isa = PBXBuildFile; fileRef = D8ED77E8208973AA00133101 /* ImageCache.swift */; };
		D8ED77EC208973BF00133101 /* NasaPhotoInfoModel.swift in Sources */ = {isa = PBXBuildFile; fileRef = D8ED77EB208973BF00133101 /* NasaPhotoInfoModel.swift */; };
		D8ED77F1208974DA00133101 /* HomeViewPresenter.swift in Sources */ = {isa = PBXBuildFile; fileRef = D8ED77F0208974DA00133101 /* HomeViewPresenter.swift */; };
/* End PBXBuildFile section */

/* Begin PBXFileReference section */
		4D4BFA963C10A0C44F612310 /* Pods-NasaAPOD-MVP.debug.xcconfig */ = {isa = PBXFileReference; includeInIndex = 1; lastKnownFileType = text.xcconfig; name = "Pods-NasaAPOD-MVP.debug.xcconfig"; path = "Pods/Target Support Files/Pods-NasaAPOD-MVP/Pods-NasaAPOD-MVP.debug.xcconfig"; sourceTree = "<group>"; };
		C98335EFE9E4A3AA56B1E87E /* Pods-NasaAPOD-MVP.release.xcconfig */ = {isa = PBXFileReference; includeInIndex = 1; lastKnownFileType = text.xcconfig; name = "Pods-NasaAPOD-MVP.release.xcconfig"; path = "Pods/Target Support Files/Pods-NasaAPOD-MVP/Pods-NasaAPOD-MVP.release.xcconfig"; sourceTree = "<group>"; };
		D4AB23F895E54B8FB0C371FD /* Pods_NasaAPOD_MVP.framework */ = {isa = PBXFileReference; explicitFileType = wrapper.framework; includeInIndex = 0; path = Pods_NasaAPOD_MVP.framework; sourceTree = BUILT_PRODUCTS_DIR; };
		D848B6CC208D5D210046D175 /* HomeViewController.swift */ = {isa = PBXFileReference; lastKnownFileType = sourcecode.swift; path = HomeViewController.swift; sourceTree = "<group>"; };
		D848B6CD208D5D210046D175 /* HomeViewController.xib */ = {isa = PBXFileReference; lastKnownFileType = file.xib; path = HomeViewController.xib; sourceTree = "<group>"; };
		D848B6D0208D5DAB0046D175 /* PhotoInfoCell.swift */ = {isa = PBXFileReference; lastKnownFileType = sourcecode.swift; path = PhotoInfoCell.swift; sourceTree = "<group>"; };
		D848B6D1208D5DAB0046D175 /* PhotoInfoCell.xib */ = {isa = PBXFileReference; lastKnownFileType = file.xib; path = PhotoInfoCell.xib; sourceTree = "<group>"; };
		D848B6D4208D623D0046D175 /* NasaPhotoDetailViewController.swift */ = {isa = PBXFileReference; lastKnownFileType = sourcecode.swift; path = NasaPhotoDetailViewController.swift; sourceTree = "<group>"; };
		D848B6D5208D623D0046D175 /* NasaPhotoDetailViewController.xib */ = {isa = PBXFileReference; lastKnownFileType = file.xib; path = NasaPhotoDetailViewController.xib; sourceTree = "<group>"; };
		D8ED77C92089722C00133101 /* NasaAPOD-MVP.app */ = {isa = PBXFileReference; explicitFileType = wrapper.application; includeInIndex = 0; path = "NasaAPOD-MVP.app"; sourceTree = BUILT_PRODUCTS_DIR; };
		D8ED77CC2089722C00133101 /* AppDelegate.swift */ = {isa = PBXFileReference; lastKnownFileType = sourcecode.swift; path = AppDelegate.swift; sourceTree = "<group>"; };
		D8ED77D32089722D00133101 /* Assets.xcassets */ = {isa = PBXFileReference; lastKnownFileType = folder.assetcatalog; path = Assets.xcassets; sourceTree = "<group>"; };
		D8ED77D62089722D00133101 /* Base */ = {isa = PBXFileReference; lastKnownFileType = file.storyboard; name = Base; path = Base.lproj/LaunchScreen.storyboard; sourceTree = "<group>"; };
		D8ED77D82089722D00133101 /* Info.plist */ = {isa = PBXFileReference; lastKnownFileType = text.plist.xml; path = Info.plist; sourceTree = "<group>"; };
		D8ED77E62089737C00133101 /* ApiFetcher.swift */ = {isa = PBXFileReference; lastKnownFileType = sourcecode.swift; path = ApiFetcher.swift; sourceTree = "<group>"; };
		D8ED77E8208973AA00133101 /* ImageCache.swift */ = {isa = PBXFileReference; lastKnownFileType = sourcecode.swift; path = ImageCache.swift; sourceTree = "<group>"; };
		D8ED77EB208973BF00133101 /* NasaPhotoInfoModel.swift */ = {isa = PBXFileReference; lastKnownFileType = sourcecode.swift; path = NasaPhotoInfoModel.swift; sourceTree = "<group>"; };
		D8ED77F0208974DA00133101 /* HomeViewPresenter.swift */ = {isa = PBXFileReference; lastKnownFileType = sourcecode.swift; path = HomeViewPresenter.swift; sourceTree = "<group>"; };
/* End PBXFileReference section */

/* Begin PBXFrameworksBuildPhase section */
		D8ED77C62089722C00133101 /* Frameworks */ = {
			isa = PBXFrameworksBuildPhase;
			buildActionMask = 2147483647;
			files = (
				C182405C58B2B679A3A8BA16 /* Pods_NasaAPOD_MVP.framework in Frameworks */,
			);
			runOnlyForDeploymentPostprocessing = 0;
		};
/* End PBXFrameworksBuildPhase section */

/* Begin PBXGroup section */
		15C8B2931A88D4D165EA2BE8 /* Frameworks */ = {
			isa = PBXGroup;
			children = (
				D4AB23F895E54B8FB0C371FD /* Pods_NasaAPOD_MVP.framework */,
			);
			name = Frameworks;
			sourceTree = "<group>";
		};
		6C50926DE31663A956D0725C /* Pods */ = {
			isa = PBXGroup;
			children = (
				4D4BFA963C10A0C44F612310 /* Pods-NasaAPOD-MVP.debug.xcconfig */,
				C98335EFE9E4A3AA56B1E87E /* Pods-NasaAPOD-MVP.release.xcconfig */,
			);
			name = Pods;
			sourceTree = "<group>";
		};
		D8ED77C02089722C00133101 = {
			isa = PBXGroup;
			children = (
				D8ED77CB2089722C00133101 /* NasaAPOD-MVP */,
				D8ED77CA2089722C00133101 /* Products */,
				6C50926DE31663A956D0725C /* Pods */,
				15C8B2931A88D4D165EA2BE8 /* Frameworks */,
			);
			sourceTree = "<group>";
		};
		D8ED77CA2089722C00133101 /* Products */ = {
			isa = PBXGroup;
			children = (
				D8ED77C92089722C00133101 /* NasaAPOD-MVP.app */,
			);
			name = Products;
			sourceTree = "<group>";
		};
		D8ED77CB2089722C00133101 /* NasaAPOD-MVP */ = {
			isa = PBXGroup;
			children = (
				D8ED77EA208973B300133101 /* Model */,
				D8ED77DE208972C600133101 /* Views */,
				D8ED77ED208973E000133101 /* Presenters */,
				D8ED77E52089736100133101 /* Util */,
				D8ED77CC2089722C00133101 /* AppDelegate.swift */,
				D8ED77D32089722D00133101 /* Assets.xcassets */,
				D8ED77D52089722D00133101 /* LaunchScreen.storyboard */,
				D8ED77D82089722D00133101 /* Info.plist */,
			);
			path = "NasaAPOD-MVP";
			sourceTree = "<group>";
		};
		D8ED77DE208972C600133101 /* Views */ = {
			isa = PBXGroup;
			children = (
				D848B6CC208D5D210046D175 /* HomeViewController.swift */,
				D848B6CD208D5D210046D175 /* HomeViewController.xib */,
				D848B6D0208D5DAB0046D175 /* PhotoInfoCell.swift */,
				D848B6D1208D5DAB0046D175 /* PhotoInfoCell.xib */,
				D848B6D4208D623D0046D175 /* NasaPhotoDetailViewController.swift */,
				D848B6D5208D623D0046D175 /* NasaPhotoDetailViewController.xib */,
			);
			path = Views;
			sourceTree = "<group>";
		};
		D8ED77E52089736100133101 /* Util */ = {
			isa = PBXGroup;
			children = (
				D8ED77E62089737C00133101 /* ApiFetcher.swift */,
				D8ED77E8208973AA00133101 /* ImageCache.swift */,
			);
			path = Util;
			sourceTree = "<group>";
		};
		D8ED77EA208973B300133101 /* Model */ = {
			isa = PBXGroup;
			children = (
				D8ED77EB208973BF00133101 /* NasaPhotoInfoModel.swift */,
			);
			path = Model;
			sourceTree = "<group>";
		};
		D8ED77ED208973E000133101 /* Presenters */ = {
			isa = PBXGroup;
			children = (
				D8ED77F0208974DA00133101 /* HomeViewPresenter.swift */,
			);
			path = Presenters;
			sourceTree = "<group>";
		};
/* End PBXGroup section */

/* Begin PBXNativeTarget section */
		D8ED77C82089722C00133101 /* NasaAPOD-MVP */ = {
			isa = PBXNativeTarget;
			buildConfigurationList = D8ED77DB2089722D00133101 /* Build configuration list for PBXNativeTarget "NasaAPOD-MVP" */;
			buildPhases = (
				669D5CAC3ACF34E39B3F55DD /* [CP] Check Pods Manifest.lock */,
				D8ED77C52089722C00133101 /* Sources */,
				D8ED77C62089722C00133101 /* Frameworks */,
				D8ED77C72089722C00133101 /* Resources */,
				CF1436F27F927819F0EE4D02 /* [CP] Embed Pods Frameworks */,
				8DC04FC4469F1BC47DF131FD /* [CP] Copy Pods Resources */,
			);
			buildRules = (
			);
			dependencies = (
			);
			name = "NasaAPOD-MVP";
			productName = "NasaAPOD-MVP";
			productReference = D8ED77C92089722C00133101 /* NasaAPOD-MVP.app */;
			productType = "com.apple.product-type.application";
		};
/* End PBXNativeTarget section */

/* Begin PBXProject section */
		D8ED77C12089722C00133101 /* Project object */ = {
			isa = PBXProject;
			attributes = {
				LastSwiftUpdateCheck = 0930;
				LastUpgradeCheck = 0930;
				ORGANIZATIONNAME = AshleyNg;
				TargetAttributes = {
					D8ED77C82089722C00133101 = {
						CreatedOnToolsVersion = 9.3;
					};
				};
			};
			buildConfigurationList = D8ED77C42089722C00133101 /* Build configuration list for PBXProject "NasaAPOD-MVP" */;
			compatibilityVersion = "Xcode 9.3";
			developmentRegion = en;
			hasScannedForEncodings = 0;
			knownRegions = (
				en,
				Base,
			);
			mainGroup = D8ED77C02089722C00133101;
			productRefGroup = D8ED77CA2089722C00133101 /* Products */;
			projectDirPath = "";
			projectRoot = "";
			targets = (
				D8ED77C82089722C00133101 /* NasaAPOD-MVP */,
			);
		};
/* End PBXProject section */

/* Begin PBXResourcesBuildPhase section */
		D8ED77C72089722C00133101 /* Resources */ = {
			isa = PBXResourcesBuildPhase;
			buildActionMask = 2147483647;
			files = (
				D848B6D7208D623D0046D175 /* NasaPhotoDetailViewController.xib in Resources */,
				D848B6D3208D5DAB0046D175 /* PhotoInfoCell.xib in Resources */,
				D8ED77D72089722D00133101 /* LaunchScreen.storyboard in Resources */,
				D8ED77D42089722D00133101 /* Assets.xcassets in Resources */,
				D848B6CF208D5D210046D175 /* HomeViewController.xib in Resources */,
			);
			runOnlyForDeploymentPostprocessing = 0;
		};
/* End PBXResourcesBuildPhase section */

/* Begin PBXShellScriptBuildPhase section */
		669D5CAC3ACF34E39B3F55DD /* [CP] Check Pods Manifest.lock */ = {
			isa = PBXShellScriptBuildPhase;
			buildActionMask = 2147483647;
			files = (
			);
			inputPaths = (
				"${PODS_PODFILE_DIR_PATH}/Podfile.lock",
				"${PODS_ROOT}/Manifest.lock",
			);
			name = "[CP] Check Pods Manifest.lock";
			outputPaths = (
				"$(DERIVED_FILE_DIR)/Pods-NasaAPOD-MVP-checkManifestLockResult.txt",
			);
			runOnlyForDeploymentPostprocessing = 0;
			shellPath = /bin/sh;
			shellScript = "diff \"${PODS_PODFILE_DIR_PATH}/Podfile.lock\" \"${PODS_ROOT}/Manifest.lock\" > /dev/null\nif [ $? != 0 ] ; then\n    # print error to STDERR\n    echo \"error: The sandbox is not in sync with the Podfile.lock. Run 'pod install' or update your CocoaPods installation.\" >&2\n    exit 1\nfi\n# This output is used by Xcode 'outputs' to avoid re-running this script phase.\necho \"SUCCESS\" > \"${SCRIPT_OUTPUT_FILE_0}\"\n";
			showEnvVarsInLog = 0;
		};
		8DC04FC4469F1BC47DF131FD /* [CP] Copy Pods Resources */ = {
			isa = PBXShellScriptBuildPhase;
			buildActionMask = 2147483647;
			files = (
			);
			inputPaths = (
			);
			name = "[CP] Copy Pods Resources";
			outputPaths = (
			);
			runOnlyForDeploymentPostprocessing = 0;
			shellPath = /bin/sh;
			shellScript = "\"${SRCROOT}/Pods/Target Support Files/Pods-NasaAPOD-MVP/Pods-NasaAPOD-MVP-resources.sh\"\n";
			showEnvVarsInLog = 0;
		};
		CF1436F27F927819F0EE4D02 /* [CP] Embed Pods Frameworks */ = {
			isa = PBXShellScriptBuildPhase;
			buildActionMask = 2147483647;
			files = (
			);
			inputPaths = (
				"${SRCROOT}/Pods/Target Support Files/Pods-NasaAPOD-MVP/Pods-NasaAPOD-MVP-frameworks.sh",
				"${BUILT_PRODUCTS_DIR}/RxCocoa/RxCocoa.framework",
				"${BUILT_PRODUCTS_DIR}/RxSwift/RxSwift.framework",
			);
			name = "[CP] Embed Pods Frameworks";
			outputPaths = (
				"${TARGET_BUILD_DIR}/${FRAMEWORKS_FOLDER_PATH}/RxCocoa.framework",
				"${TARGET_BUILD_DIR}/${FRAMEWORKS_FOLDER_PATH}/RxSwift.framework",
			);
			runOnlyForDeploymentPostprocessing = 0;
			shellPath = /bin/sh;
			shellScript = "\"${SRCROOT}/Pods/Target Support Files/Pods-NasaAPOD-MVP/Pods-NasaAPOD-MVP-frameworks.sh\"\n";
			showEnvVarsInLog = 0;
		};
/* End PBXShellScriptBuildPhase section */

/* Begin PBXSourcesBuildPhase section */
		D8ED77C52089722C00133101 /* Sources */ = {
			isa = PBXSourcesBuildPhase;
			buildActionMask = 2147483647;
			files = (
				D8ED77E9208973AA00133101 /* ImageCache.swift in Sources */,
				D8ED77EC208973BF00133101 /* NasaPhotoInfoModel.swift in Sources */,
				D848B6D2208D5DAB0046D175 /* PhotoInfoCell.swift in Sources */,
				D8ED77E72089737C00133101 /* ApiFetcher.swift in Sources */,
				D8ED77F1208974DA00133101 /* HomeViewPresenter.swift in Sources */,
				D848B6D6208D623D0046D175 /* NasaPhotoDetailViewController.swift in Sources */,
				D8ED77CD2089722C00133101 /* AppDelegate.swift in Sources */,
				D848B6CE208D5D210046D175 /* HomeViewController.swift in Sources */,
			);
			runOnlyForDeploymentPostprocessing = 0;
		};
/* End PBXSourcesBuildPhase section */

/* Begin PBXVariantGroup section */
		D8ED77D52089722D00133101 /* LaunchScreen.storyboard */ = {
			isa = PBXVariantGroup;
			children = (
				D8ED77D62089722D00133101 /* Base */,
			);
			name = LaunchScreen.storyboard;
			sourceTree = "<group>";
		};
/* End PBXVariantGroup section */

/* Begin XCBuildConfiguration section */
		D8ED77D92089722D00133101 /* Debug */ = {
			isa = XCBuildConfiguration;
			buildSettings = {
				ALWAYS_SEARCH_USER_PATHS = NO;
				CLANG_ANALYZER_NONNULL = YES;
				CLANG_ANALYZER_NUMBER_OBJECT_CONVERSION = YES_AGGRESSIVE;
				CLANG_CXX_LANGUAGE_STANDARD = "gnu++14";
				CLANG_CXX_LIBRARY = "libc++";
				CLANG_ENABLE_MODULES = YES;
				CLANG_ENABLE_OBJC_ARC = YES;
				CLANG_ENABLE_OBJC_WEAK = YES;
				CLANG_WARN_BLOCK_CAPTURE_AUTORELEASING = YES;
				CLANG_WARN_BOOL_CONVERSION = YES;
				CLANG_WARN_COMMA = YES;
				CLANG_WARN_CONSTANT_CONVERSION = YES;
				CLANG_WARN_DEPRECATED_OBJC_IMPLEMENTATIONS = YES;
				CLANG_WARN_DIRECT_OBJC_ISA_USAGE = YES_ERROR;
				CLANG_WARN_DOCUMENTATION_COMMENTS = YES;
				CLANG_WARN_EMPTY_BODY = YES;
				CLANG_WARN_ENUM_CONVERSION = YES;
				CLANG_WARN_INFINITE_RECURSION = YES;
				CLANG_WARN_INT_CONVERSION = YES;
				CLANG_WARN_NON_LITERAL_NULL_CONVERSION = YES;
				CLANG_WARN_OBJC_IMPLICIT_RETAIN_SELF = YES;
				CLANG_WARN_OBJC_LITERAL_CONVERSION = YES;
				CLANG_WARN_OBJC_ROOT_CLASS = YES_ERROR;
				CLANG_WARN_RANGE_LOOP_ANALYSIS = YES;
				CLANG_WARN_STRICT_PROTOTYPES = YES;
				CLANG_WARN_SUSPICIOUS_MOVE = YES;
				CLANG_WARN_UNGUARDED_AVAILABILITY = YES_AGGRESSIVE;
				CLANG_WARN_UNREACHABLE_CODE = YES;
				CLANG_WARN__DUPLICATE_METHOD_MATCH = YES;
				CODE_SIGN_IDENTITY = "iPhone Developer";
				COPY_PHASE_STRIP = NO;
				DEBUG_INFORMATION_FORMAT = dwarf;
				ENABLE_STRICT_OBJC_MSGSEND = YES;
				ENABLE_TESTABILITY = YES;
				GCC_C_LANGUAGE_STANDARD = gnu11;
				GCC_DYNAMIC_NO_PIC = NO;
				GCC_NO_COMMON_BLOCKS = YES;
				GCC_OPTIMIZATION_LEVEL = 0;
				GCC_PREPROCESSOR_DEFINITIONS = (
					"DEBUG=1",
					"$(inherited)",
				);
				GCC_WARN_64_TO_32_BIT_CONVERSION = YES;
				GCC_WARN_ABOUT_RETURN_TYPE = YES_ERROR;
				GCC_WARN_UNDECLARED_SELECTOR = YES;
				GCC_WARN_UNINITIALIZED_AUTOS = YES_AGGRESSIVE;
				GCC_WARN_UNUSED_FUNCTION = YES;
				GCC_WARN_UNUSED_VARIABLE = YES;
				IPHONEOS_DEPLOYMENT_TARGET = 11.3;
				MTL_ENABLE_DEBUG_INFO = YES;
				ONLY_ACTIVE_ARCH = YES;
				SDKROOT = iphoneos;
				SWIFT_ACTIVE_COMPILATION_CONDITIONS = DEBUG;
				SWIFT_OPTIMIZATION_LEVEL = "-Onone";
			};
			name = Debug;
		};
		D8ED77DA2089722D00133101 /* Release */ = {
			isa = XCBuildConfiguration;
			buildSettings = {
				ALWAYS_SEARCH_USER_PATHS = NO;
				CLANG_ANALYZER_NONNULL = YES;
				CLANG_ANALYZER_NUMBER_OBJECT_CONVERSION = YES_AGGRESSIVE;
				CLANG_CXX_LANGUAGE_STANDARD = "gnu++14";
				CLANG_CXX_LIBRARY = "libc++";
				CLANG_ENABLE_MODULES = YES;
				CLANG_ENABLE_OBJC_ARC = YES;
				CLANG_ENABLE_OBJC_WEAK = YES;
				CLANG_WARN_BLOCK_CAPTURE_AUTORELEASING = YES;
				CLANG_WARN_BOOL_CONVERSION = YES;
				CLANG_WARN_COMMA = YES;
				CLANG_WARN_CONSTANT_CONVERSION = YES;
				CLANG_WARN_DEPRECATED_OBJC_IMPLEMENTATIONS = YES;
				CLANG_WARN_DIRECT_OBJC_ISA_USAGE = YES_ERROR;
				CLANG_WARN_DOCUMENTATION_COMMENTS = YES;
				CLANG_WARN_EMPTY_BODY = YES;
				CLANG_WARN_ENUM_CONVERSION = YES;
				CLANG_WARN_INFINITE_RECURSION = YES;
				CLANG_WARN_INT_CONVERSION = YES;
				CLANG_WARN_NON_LITERAL_NULL_CONVERSION = YES;
				CLANG_WARN_OBJC_IMPLICIT_RETAIN_SELF = YES;
				CLANG_WARN_OBJC_LITERAL_CONVERSION = YES;
				CLANG_WARN_OBJC_ROOT_CLASS = YES_ERROR;
				CLANG_WARN_RANGE_LOOP_ANALYSIS = YES;
				CLANG_WARN_STRICT_PROTOTYPES = YES;
				CLANG_WARN_SUSPICIOUS_MOVE = YES;
				CLANG_WARN_UNGUARDED_AVAILABILITY = YES_AGGRESSIVE;
				CLANG_WARN_UNREACHABLE_CODE = YES;
				CLANG_WARN__DUPLICATE_METHOD_MATCH = YES;
				CODE_SIGN_IDENTITY = "iPhone Developer";
				COPY_PHASE_STRIP = NO;
				DEBUG_INFORMATION_FORMAT = "dwarf-with-dsym";
				ENABLE_NS_ASSERTIONS = NO;
				ENABLE_STRICT_OBJC_MSGSEND = YES;
				GCC_C_LANGUAGE_STANDARD = gnu11;
				GCC_NO_COMMON_BLOCKS = YES;
				GCC_WARN_64_TO_32_BIT_CONVERSION = YES;
				GCC_WARN_ABOUT_RETURN_TYPE = YES_ERROR;
				GCC_WARN_UNDECLARED_SELECTOR = YES;
				GCC_WARN_UNINITIALIZED_AUTOS = YES_AGGRESSIVE;
				GCC_WARN_UNUSED_FUNCTION = YES;
				GCC_WARN_UNUSED_VARIABLE = YES;
				IPHONEOS_DEPLOYMENT_TARGET = 11.3;
				MTL_ENABLE_DEBUG_INFO = NO;
				SDKROOT = iphoneos;
				SWIFT_COMPILATION_MODE = wholemodule;
				SWIFT_OPTIMIZATION_LEVEL = "-O";
				VALIDATE_PRODUCT = YES;
			};
			name = Release;
		};
		D8ED77DC2089722D00133101 /* Debug */ = {
			isa = XCBuildConfiguration;
			baseConfigurationReference = 4D4BFA963C10A0C44F612310 /* Pods-NasaAPOD-MVP.debug.xcconfig */;
			buildSettings = {
				ASSETCATALOG_COMPILER_APPICON_NAME = AppIcon;
				CODE_SIGN_STYLE = Automatic;
				DEVELOPMENT_TEAM = TCYT7HZQSV;
				INFOPLIST_FILE = "NasaAPOD-MVP/Info.plist";
				LD_RUNPATH_SEARCH_PATHS = (
					"$(inherited)",
					"@executable_path/Frameworks",
				);
				PRODUCT_BUNDLE_IDENTIFIER = "com.hudl.asheyng.NasaAPOD-MVP";
				PRODUCT_NAME = "$(TARGET_NAME)";
				SWIFT_VERSION = 4.0;
				TARGETED_DEVICE_FAMILY = "1,2";
			};
			name = Debug;
		};
		D8ED77DD2089722D00133101 /* Release */ = {
			isa = XCBuildConfiguration;
			baseConfigurationReference = C98335EFE9E4A3AA56B1E87E /* Pods-NasaAPOD-MVP.release.xcconfig */;
			buildSettings = {
				ASSETCATALOG_COMPILER_APPICON_NAME = AppIcon;
				CODE_SIGN_STYLE = Automatic;
				DEVELOPMENT_TEAM = TCYT7HZQSV;
				INFOPLIST_FILE = "NasaAPOD-MVP/Info.plist";
				LD_RUNPATH_SEARCH_PATHS = (
					"$(inherited)",
					"@executable_path/Frameworks",
				);
				PRODUCT_BUNDLE_IDENTIFIER = "com.hudl.asheyng.NasaAPOD-MVP";
				PRODUCT_NAME = "$(TARGET_NAME)";
				SWIFT_VERSION = 4.0;
				TARGETED_DEVICE_FAMILY = "1,2";
			};
			name = Release;
		};
/* End XCBuildConfiguration section */

/* Begin XCConfigurationList section */
		D8ED77C42089722C00133101 /* Build configuration list for PBXProject "NasaAPOD-MVP" */ = {
			isa = XCConfigurationList;
			buildConfigurations = (
				D8ED77D92089722D00133101 /* Debug */,
				D8ED77DA2089722D00133101 /* Release */,
			);
			defaultConfigurationIsVisible = 0;
			defaultConfigurationName = Release;
		};
		D8ED77DB2089722D00133101 /* Build configuration list for PBXNativeTarget "NasaAPOD-MVP" */ = {
			isa = XCConfigurationList;
			buildConfigurations = (
				D8ED77DC2089722D00133101 /* Debug */,
				D8ED77DD2089722D00133101 /* Release */,
			);
			defaultConfigurationIsVisible = 0;
			defaultConfigurationName = Release;
		};
/* End XCConfigurationList section */
	};
	rootObject = D8ED77C12089722C00133101 /* Project object */;
}
